
Microsoft Visual Studio Solution File, Format Version 12.00
# Visual Studio 15
VisualStudioVersion = 15.0.28307.168
MinimumVisualStudioVersion = 10.0.40219.1
Project("{FAE04EC0-301F-11D3-BF4B-00C04F79EFBC}") = "BasicAuthenticationWEBAPI", "BasicAuthenticationWEBAPI\BasicAuthenticationWEBAPI.csproj", "{6A43ED53-63B9-4CCC-9BE6-DF963D1D6EDA}"
EndProject
Project("{FAE04EC0-301F-11D3-BF4B-00C04F79EFBC}") = "BasicAuthenticationWEBAPI.Tests", "BasicAuthenticationWEBAPI.Tests\BasicAuthenticationWEBAPI.Tests.csproj", "{2FA592BF-43F1-4969-B2FB-EAFA80923843}"
EndProject
Global
	GlobalSection(SolutionConfigurationPlatforms) = preSolution
		Debug|Any CPU = Debug|Any CPU
		Release|Any CPU = Release|Any CPU
	EndGlobalSection
	GlobalSection(ProjectConfigurationPlatforms) = postSolution
		{6A43ED53-63B9-4CCC-9BE6-DF963D1D6EDA}.Debug|Any CPU.ActiveCfg = Debug|Any CPU
		{6A43ED53-63B9-4CCC-9BE6-DF963D1D6EDA}.Debug|Any CPU.Build.0 = Debug|Any CPU
		{6A43ED53-63B9-4CCC-9BE6-DF963D1D6EDA}.Release|Any CPU.ActiveCfg = Release|Any CPU
		{6A43ED53-63B9-4CCC-9BE6-DF963D1D6EDA}.Release|Any CPU.Build.0 = Release|Any CPU
		{2FA592BF-43F1-4969-B2FB-EAFA80923843}.Debug|Any CPU.ActiveCfg = Debug|Any CPU
		{2FA592BF-43F1-4969-B2FB-EAFA80923843}.Debug|Any CPU.Build.0 = Debug|Any CPU
		{2FA592BF-43F1-4969-B2FB-EAFA80923843}.Release|Any CPU.ActiveCfg = Release|Any CPU
		{2FA592BF-43F1-4969-B2FB-EAFA80923843}.Release|Any CPU.Build.0 = Release|Any CPU
	EndGlobalSection
	GlobalSection(SolutionProperties) = preSolution
		HideSolutionNode = FALSE
	EndGlobalSection
	GlobalSection(ExtensibilityGlobals) = postSolution
		SolutionGuid = {B9656711-DD59-431A-BC6D-0CEBC2F93705}
	EndGlobalSection
EndGlobal
